
Microsoft Visual Studio Solution File, Format Version 12.00
# Visual Studio Version 17
VisualStudioVersion = 17.11.35303.130
MinimumVisualStudioVersion = 10.0.40219.1
Project("{FAE04EC0-301F-11D3-BF4B-00C04F79EFBC}") = "ArithmeticOperatorsSanchez", "ArithmeticOperatorsSanchez\ArithmeticOperatorsSanchez.csproj", "{85FF7138-55AF-4061-8352-88BDA57A3EF8}"
EndProject
Global
	GlobalSection(SolutionConfigurationPlatforms) = preSolution
		Debug|Any CPU = Debug|Any CPU
		Release|Any CPU = Release|Any CPU
	EndGlobalSection
	GlobalSection(ProjectConfigurationPlatforms) = postSolution
		{85FF7138-55AF-4061-8352-88BDA57A3EF8}.Debug|Any CPU.ActiveCfg = Debug|Any CPU
		{85FF7138-55AF-4061-8352-88BDA57A3EF8}.Debug|Any CPU.Build.0 = Debug|Any CPU
		{85FF7138-55AF-4061-8352-88BDA57A3EF8}.Release|Any CPU.ActiveCfg = Release|Any CPU
		{85FF7138-55AF-4061-8352-88BDA57A3EF8}.Release|Any CPU.Build.0 = Release|Any CPU
	EndGlobalSection
	GlobalSection(SolutionProperties) = preSolution
		HideSolutionNode = FALSE
	EndGlobalSection
	GlobalSection(ExtensibilityGlobals) = postSolution
		SolutionGuid = {E85FDB10-32A3-4D29-BB48-1D854D5241CD}
	EndGlobalSection
EndGlobal
