
Microsoft Visual Studio Solution File, Format Version 12.00
# Visual Studio Version 17
VisualStudioVersion = 17.11.35303.130
MinimumVisualStudioVersion = 10.0.40219.1
Project("{FAE04EC0-301F-11D3-BF4B-00C04F79EFBC}") = "05LaboratoryExercise1", "05LaboratoryExercise1\05LaboratoryExercise1.csproj", "{B6A4493E-6AFC-4F8B-95F3-F8AF26C66114}"
EndProject
Global
	GlobalSection(SolutionConfigurationPlatforms) = preSolution
		Debug|Any CPU = Debug|Any CPU
		Release|Any CPU = Release|Any CPU
	EndGlobalSection
	GlobalSection(ProjectConfigurationPlatforms) = postSolution
		{B6A4493E-6AFC-4F8B-95F3-F8AF26C66114}.Debug|Any CPU.ActiveCfg = Debug|Any CPU
		{B6A4493E-6AFC-4F8B-95F3-F8AF26C66114}.Debug|Any CPU.Build.0 = Debug|Any CPU
		{B6A4493E-6AFC-4F8B-95F3-F8AF26C66114}.Release|Any CPU.ActiveCfg = Release|Any CPU
		{B6A4493E-6AFC-4F8B-95F3-F8AF26C66114}.Release|Any CPU.Build.0 = Release|Any CPU
	EndGlobalSection
	GlobalSection(SolutionProperties) = preSolution
		HideSolutionNode = FALSE
	EndGlobalSection
	GlobalSection(ExtensibilityGlobals) = postSolution
		SolutionGuid = {CE815C99-A008-449E-86FF-1DB8F07CCAAA}
	EndGlobalSection
EndGlobal
